
Microsoft Visual Studio Solution File, Format Version 12.00
# Visual Studio Version 16
VisualStudioVersion = 16.0.31410.357
MinimumVisualStudioVersion = 10.0.40219.1
Project("{9A19103F-16F7-4668-BE54-9A1E7A4F7556}") = "InvoiceCustomerPropertyEditor.Module", "InvoiceCustomerPropertyEditor.Module\InvoiceCustomerPropertyEditor.Module.csproj", "{03F47628-FEA3-4FF9-B399-110BF069A2D2}"
EndProject
Project("{9A19103F-16F7-4668-BE54-9A1E7A4F7556}") = "InvoiceCustomerPropertyEditor.Module.Win", "InvoiceCustomerPropertyEditor.Module.Win\InvoiceCustomerPropertyEditor.Module.Win.csproj", "{05B81F30-F13E-477A-A4D8-0691094EA374}"
EndProject
Project("{9A19103F-16F7-4668-BE54-9A1E7A4F7556}") = "InvoiceCustomerPropertyEditor.Win", "InvoiceCustomerPropertyEditor.Win\InvoiceCustomerPropertyEditor.Win.csproj", "{BE2F7C25-BCE3-4792-88BA-159D20387F2F}"
EndProject
Project("{9A19103F-16F7-4668-BE54-9A1E7A4F7556}") = "InvoiceCustomerPropertyEditor.Module.Blazor", "InvoiceCustomerPropertyEditor.Module.Blazor\InvoiceCustomerPropertyEditor.Module.Blazor.csproj", "{DD7D46E5-2BAF-4BC1-94AC-410004C66DE5}"
EndProject
Project("{9A19103F-16F7-4668-BE54-9A1E7A4F7556}") = "InvoiceCustomerPropertyEditor.Blazor.Server", "InvoiceCustomerPropertyEditor.Blazor.Server\InvoiceCustomerPropertyEditor.Blazor.Server.csproj", "{846FEDC6-3907-4E9A-8A38-2E77218A96C3}"
EndProject
Global
	GlobalSection(SolutionConfigurationPlatforms) = preSolution
		Debug|Any CPU = Debug|Any CPU
		Release|Any CPU = Release|Any CPU
	EndGlobalSection
	GlobalSection(ProjectConfigurationPlatforms) = postSolution
		{03F47628-FEA3-4FF9-B399-110BF069A2D2}.Debug|Any CPU.ActiveCfg = Debug|Any CPU
		{03F47628-FEA3-4FF9-B399-110BF069A2D2}.Debug|Any CPU.Build.0 = Debug|Any CPU
		{03F47628-FEA3-4FF9-B399-110BF069A2D2}.Release|Any CPU.ActiveCfg = Release|Any CPU
		{03F47628-FEA3-4FF9-B399-110BF069A2D2}.Release|Any CPU.Build.0 = Release|Any CPU
		{05B81F30-F13E-477A-A4D8-0691094EA374}.Debug|Any CPU.ActiveCfg = Debug|Any CPU
		{05B81F30-F13E-477A-A4D8-0691094EA374}.Debug|Any CPU.Build.0 = Debug|Any CPU
		{05B81F30-F13E-477A-A4D8-0691094EA374}.Release|Any CPU.ActiveCfg = Release|Any CPU
		{05B81F30-F13E-477A-A4D8-0691094EA374}.Release|Any CPU.Build.0 = Release|Any CPU
		{BE2F7C25-BCE3-4792-88BA-159D20387F2F}.Debug|Any CPU.ActiveCfg = Debug|Any CPU
		{BE2F7C25-BCE3-4792-88BA-159D20387F2F}.Debug|Any CPU.Build.0 = Debug|Any CPU
		{BE2F7C25-BCE3-4792-88BA-159D20387F2F}.Release|Any CPU.ActiveCfg = Release|Any CPU
		{BE2F7C25-BCE3-4792-88BA-159D20387F2F}.Release|Any CPU.Build.0 = Release|Any CPU
		{DD7D46E5-2BAF-4BC1-94AC-410004C66DE5}.Debug|Any CPU.ActiveCfg = Debug|Any CPU
		{DD7D46E5-2BAF-4BC1-94AC-410004C66DE5}.Debug|Any CPU.Build.0 = Debug|Any CPU
		{DD7D46E5-2BAF-4BC1-94AC-410004C66DE5}.Release|Any CPU.ActiveCfg = Release|Any CPU
		{DD7D46E5-2BAF-4BC1-94AC-410004C66DE5}.Release|Any CPU.Build.0 = Release|Any CPU
		{846FEDC6-3907-4E9A-8A38-2E77218A96C3}.Debug|Any CPU.ActiveCfg = Debug|Any CPU
		{846FEDC6-3907-4E9A-8A38-2E77218A96C3}.Debug|Any CPU.Build.0 = Debug|Any CPU
		{846FEDC6-3907-4E9A-8A38-2E77218A96C3}.Release|Any CPU.ActiveCfg = Release|Any CPU
		{846FEDC6-3907-4E9A-8A38-2E77218A96C3}.Release|Any CPU.Build.0 = Release|Any CPU
	EndGlobalSection
	GlobalSection(SolutionProperties) = preSolution
		HideSolutionNode = FALSE
	EndGlobalSection
	GlobalSection(ExtensibilityGlobals) = postSolution
		SolutionGuid = {0FB76E1C-C6D7-4EDB-930E-118930CE5B59}
	EndGlobalSection
EndGlobal
